Microsoft Visual Studio Solution File, Format Version 12.00
# Visual Studio Version 16
VisualStudioVersion = 16.0.30804.86
MinimumVisualStudioVersion = 15.0.26124.0
Project("{9A19103F-16F7-4668-BE54-9A1E7A4F7556}") = "CommonProtocol", "CommonProtocol\CommonProtocol.csproj", "{84E16B8D-44B7-42CB-B20D-44791A1DD920}"
EndProject
Project("{9A19103F-16F7-4668-BE54-9A1E7A4F7556}") = "BattleProtocol", "BattleProtocol\BattleProtocol.csproj", "{05678063-56F8-41B6-9FBC-1B4DDF5770EE}"
EndProject
Project("{9A19103F-16F7-4668-BE54-9A1E7A4F7556}") = "CommonType", "CommonType\CommonType.csproj", "{55D885AE-6D17-4C23-B5FE-AAD7155C025A}"
EndProject
Project("{9A19103F-16F7-4668-BE54-9A1E7A4F7556}") = "DBConnector", "DBConnector\DBConnector.csproj", "{E5D7729B-E00D-46B7-8F64-849E2F57D030}"
EndProject
Project("{2150E333-8FDC-42A3-9474-1A3956D46DE8}") = "Lambda", "Lambda", "{F49D5ABA-AC33-49DA-8A5A-48E0C6EC2E11}"
EndProject
Project("{2150E333-8FDC-42A3-9474-1A3956D46DE8}") = "Protocols", "Protocols", "{F8849BAA-46DF-4711-A62A-5F58F7826382}"
EndProject
Project("{2150E333-8FDC-42A3-9474-1A3956D46DE8}") = "LambdaSerialize", "LambdaSerialize", "{32E02A54-8C55-4DBA-9B65-3439055DDB31}"
EndProject
Project("{9A19103F-16F7-4668-BE54-9A1E7A4F7556}") = "LambdaSerializer", "LambdaSerializer\LambdaSerializer.csproj", "{9261991F-4C9F-46C6-9702-5E0C7C9C66E5}"
EndProject
Project("{9A19103F-16F7-4668-BE54-9A1E7A4F7556}") = "AccountJoin", "Lambdas\AccountJoin\AccountJoin.csproj", "{4471A7E2-A8D7-4C32-8345-69F6F6358D04}"
EndProject
Project("{9A19103F-16F7-4668-BE54-9A1E7A4F7556}") = "Login", "Lambdas\Login\Login.csproj", "{C0741540-010A-473E-BDB1-AD0B32CD8E1E}"
EndProject
Project("{2150E333-8FDC-42A3-9474-1A3956D46DE8}") = "User", "User", "{7C7F098D-BE0C-4150-BCCF-446F846B58B4}"
EndProject
Project("{2150E333-8FDC-42A3-9474-1A3956D46DE8}") = "Battle", "Battle", "{B70B41AD-3FB9-4049-850C-730DC07BC6CB}"
EndProject
Project("{9A19103F-16F7-4668-BE54-9A1E7A4F7556}") = "CreateGame", "Lambdas\CreateGame\CreateGame.csproj", "{59EEC7A4-06D1-4198-905C-622C2D66230B}"
EndProject
Project("{9A19103F-16F7-4668-BE54-9A1E7A4F7556}") = "CreatePlayer", "Lambdas\CreatePlayer\CreatePlayer.csproj", "{D5F5CBED-8F52-409D-9A06-E770B2A560A6}"
EndProject
Project("{9A19103F-16F7-4668-BE54-9A1E7A4F7556}") = "SearchGame", "Lambdas\SearchGame\SearchGame.csproj", "{B1AA56BE-5455-499E-90E1-AE3E63C5A584}"
EndProject
Project("{2150E333-8FDC-42A3-9474-1A3956D46DE8}") = "GameLiftWrapper", "GameLiftWrapper", "{711BB711-1F45-4A1A-95C3-3C979EAB866B}"
EndProject
Project("{9A19103F-16F7-4668-BE54-9A1E7A4F7556}") = "GameLiftBackend", "GameLiftWrapper\GameLiftBackend\GameLiftBackend.csproj", "{68D266BF-0197-4217-BAC9-6F981155FEAC}"
EndProject
Project("{9A19103F-16F7-4668-BE54-9A1E7A4F7556}") = "BattleResult", "Lambdas\BattleResult\BattleResult.csproj", "{6CED7C0C-88B7-46A8-9412-4B28FA656D7B}"
EndProject
Project("{FAE04EC0-301F-11D3-BF4B-00C04F79EFBC}") = "CommonConfig", "CommonConfig\CommonConfig.csproj", "{8678D3F0-81A1-401E-9CF8-3EA60DA848EE}"
EndProject
Project("{2150E333-8FDC-42A3-9474-1A3956D46DE8}") = "Rank", "Rank", "{075033C1-9996-4F8A-9BB0-4D9BBEF8B1D0}"
EndProject
Project("{FAE04EC0-301F-11D3-BF4B-00C04F79EFBC}") = "RankList", "Lambdas\RankList\RankList.csproj", "{250E93D6-DFE9-45A8-BC01-46F005854B63}"
EndProject
Global
	GlobalSection(SolutionConfigurationPlatforms) = preSolution
		Debug|Any CPU = Debug|Any CPU
		Debug|x64 = Debug|x64
		Debug|x86 = Debug|x86
		Publish|Any CPU = Publish|Any CPU
		Publish|x64 = Publish|x64
		Publish|x86 = Publish|x86
		Release|Any CPU = Release|Any CPU
		Release|x64 = Release|x64
		Release|x86 = Release|x86
	EndGlobalSection
	GlobalSection(ProjectConfigurationPlatforms) = postSolution
		{84E16B8D-44B7-42CB-B20D-44791A1DD920}.Debug|Any CPU.ActiveCfg = Debug|Any CPU
		{84E16B8D-44B7-42CB-B20D-44791A1DD920}.Debug|Any CPU.Build.0 = Debug|Any CPU
		{84E16B8D-44B7-42CB-B20D-44791A1DD920}.Debug|x64.ActiveCfg = Debug|Any CPU
		{84E16B8D-44B7-42CB-B20D-44791A1DD920}.Debug|x64.Build.0 = Debug|Any CPU
		{84E16B8D-44B7-42CB-B20D-44791A1DD920}.Debug|x86.ActiveCfg = Debug|Any CPU
		{84E16B8D-44B7-42CB-B20D-44791A1DD920}.Debug|x86.Build.0 = Debug|Any CPU
		{84E16B8D-44B7-42CB-B20D-44791A1DD920}.Publish|Any CPU.ActiveCfg = Publish|Any CPU
		{84E16B8D-44B7-42CB-B20D-44791A1DD920}.Publish|x64.ActiveCfg = Publish|Any CPU
		{84E16B8D-44B7-42CB-B20D-44791A1DD920}.Publish|x64.Build.0 = Publish|Any CPU
		{84E16B8D-44B7-42CB-B20D-44791A1DD920}.Publish|x86.ActiveCfg = Publish|Any CPU
		{84E16B8D-44B7-42CB-B20D-44791A1DD920}.Publish|x86.Build.0 = Publish|Any CPU
		{84E16B8D-44B7-42CB-B20D-44791A1DD920}.Release|Any CPU.ActiveCfg = Release|Any CPU
		{84E16B8D-44B7-42CB-B20D-44791A1DD920}.Release|Any CPU.Build.0 = Release|Any CPU
		{84E16B8D-44B7-42CB-B20D-44791A1DD920}.Release|x64.ActiveCfg = Release|Any CPU
		{84E16B8D-44B7-42CB-B20D-44791A1DD920}.Release|x64.Build.0 = Release|Any CPU
		{84E16B8D-44B7-42CB-B20D-44791A1DD920}.Release|x86.ActiveCfg = Release|Any CPU
		{84E16B8D-44B7-42CB-B20D-44791A1DD920}.Release|x86.Build.0 = Release|Any CPU
		{05678063-56F8-41B6-9FBC-1B4DDF5770EE}.Debug|Any CPU.ActiveCfg = Debug|Any CPU
		{05678063-56F8-41B6-9FBC-1B4DDF5770EE}.Debug|Any CPU.Build.0 = Debug|Any CPU
		{05678063-56F8-41B6-9FBC-1B4DDF5770EE}.Debug|x64.ActiveCfg = Debug|Any CPU
		{05678063-56F8-41B6-9FBC-1B4DDF5770EE}.Debug|x64.Build.0 = Debug|Any CPU
		{05678063-56F8-41B6-9FBC-1B4DDF5770EE}.Debug|x86.ActiveCfg = Debug|Any CPU
		{05678063-56F8-41B6-9FBC-1B4DDF5770EE}.Debug|x86.Build.0 = Debug|Any CPU
		{05678063-56F8-41B6-9FBC-1B4DDF5770EE}.Publish|Any CPU.ActiveCfg = Publish|Any CPU
		{05678063-56F8-41B6-9FBC-1B4DDF5770EE}.Publish|x64.ActiveCfg = Publish|Any CPU
		{05678063-56F8-41B6-9FBC-1B4DDF5770EE}.Publish|x64.Build.0 = Publish|Any CPU
		{05678063-56F8-41B6-9FBC-1B4DDF5770EE}.Publish|x86.ActiveCfg = Publish|Any CPU
		{05678063-56F8-41B6-9FBC-1B4DDF5770EE}.Publish|x86.Build.0 = Publish|Any CPU
		{05678063-56F8-41B6-9FBC-1B4DDF5770EE}.Release|Any CPU.ActiveCfg = Release|Any CPU
		{05678063-56F8-41B6-9FBC-1B4DDF5770EE}.Release|Any CPU.Build.0 = Release|Any CPU
		{05678063-56F8-41B6-9FBC-1B4DDF5770EE}.Release|x64.ActiveCfg = Release|Any CPU
		{05678063-56F8-41B6-9FBC-1B4DDF5770EE}.Release|x64.Build.0 = Release|Any CPU
		{05678063-56F8-41B6-9FBC-1B4DDF5770EE}.Release|x86.ActiveCfg = Release|Any CPU
		{05678063-56F8-41B6-9FBC-1B4DDF5770EE}.Release|x86.Build.0 = Release|Any CPU
		{55D885AE-6D17-4C23-B5FE-AAD7155C025A}.Debug|Any CPU.ActiveCfg = Debug|Any CPU
		{55D885AE-6D17-4C23-B5FE-AAD7155C025A}.Debug|Any CPU.Build.0 = Debug|Any CPU
		{55D885AE-6D17-4C23-B5FE-AAD7155C025A}.Debug|x64.ActiveCfg = Debug|Any CPU
		{55D885AE-6D17-4C23-B5FE-AAD7155C025A}.Debug|x64.Build.0 = Debug|Any CPU
		{55D885AE-6D17-4C23-B5FE-AAD7155C025A}.Debug|x86.ActiveCfg = Debug|Any CPU
		{55D885AE-6D17-4C23-B5FE-AAD7155C025A}.Debug|x86.Build.0 = Debug|Any CPU
		{55D885AE-6D17-4C23-B5FE-AAD7155C025A}.Publish|Any CPU.ActiveCfg = Publish|Any CPU
		{55D885AE-6D17-4C23-B5FE-AAD7155C025A}.Publish|x64.ActiveCfg = Publish|Any CPU
		{55D885AE-6D17-4C23-B5FE-AAD7155C025A}.Publish|x64.Build.0 = Publish|Any CPU
		{55D885AE-6D17-4C23-B5FE-AAD7155C025A}.Publish|x86.ActiveCfg = Publish|Any CPU
		{55D885AE-6D17-4C23-B5FE-AAD7155C025A}.Publish|x86.Build.0 = Publish|Any CPU
		{55D885AE-6D17-4C23-B5FE-AAD7155C025A}.Release|Any CPU.ActiveCfg = Release|Any CPU
		{55D885AE-6D17-4C23-B5FE-AAD7155C025A}.Release|Any CPU.Build.0 = Release|Any CPU
		{55D885AE-6D17-4C23-B5FE-AAD7155C025A}.Release|x64.ActiveCfg = Release|Any CPU
		{55D885AE-6D17-4C23-B5FE-AAD7155C025A}.Release|x64.Build.0 = Release|Any CPU
		{55D885AE-6D17-4C23-B5FE-AAD7155C025A}.Release|x86.ActiveCfg = Release|Any CPU
		{55D885AE-6D17-4C23-B5FE-AAD7155C025A}.Release|x86.Build.0 = Release|Any CPU
		{E5D7729B-E00D-46B7-8F64-849E2F57D030}.Debug|Any CPU.ActiveCfg = Debug|Any CPU
		{E5D7729B-E00D-46B7-8F64-849E2F57D030}.Debug|Any CPU.Build.0 = Debug|Any CPU
		{E5D7729B-E00D-46B7-8F64-849E2F57D030}.Debug|x64.ActiveCfg = Debug|Any CPU
		{E5D7729B-E00D-46B7-8F64-849E2F57D030}.Debug|x64.Build.0 = Debug|Any CPU
		{E5D7729B-E00D-46B7-8F64-849E2F57D030}.Debug|x86.ActiveCfg = Debug|Any CPU
		{E5D7729B-E00D-46B7-8F64-849E2F57D030}.Debug|x86.Build.0 = Debug|Any CPU
		{E5D7729B-E00D-46B7-8F64-849E2F57D030}.Publish|Any CPU.ActiveCfg = Debug|Any CPU
		{E5D7729B-E00D-46B7-8F64-849E2F57D030}.Publish|x64.ActiveCfg = Debug|Any CPU
		{E5D7729B-E00D-46B7-8F64-849E2F57D030}.Publish|x64.Build.0 = Debug|Any CPU
		{E5D7729B-E00D-46B7-8F64-849E2F57D030}.Publish|x86.ActiveCfg = Debug|Any CPU
		{E5D7729B-E00D-46B7-8F64-849E2F57D030}.Publish|x86.Build.0 = Debug|Any CPU
		{E5D7729B-E00D-46B7-8F64-849E2F57D030}.Release|Any CPU.ActiveCfg = Release|Any CPU
		{E5D7729B-E00D-46B7-8F64-849E2F57D030}.Release|Any CPU.Build.0 = Release|Any CPU
		{E5D7729B-E00D-46B7-8F64-849E2F57D030}.Release|x64.ActiveCfg = Release|Any CPU
		{E5D7729B-E00D-46B7-8F64-849E2F57D030}.Release|x64.Build.0 = Release|Any CPU
		{E5D7729B-E00D-46B7-8F64-849E2F57D030}.Release|x86.ActiveCfg = Release|Any CPU
		{E5D7729B-E00D-46B7-8F64-849E2F57D030}.Release|x86.Build.0 = Release|Any CPU
		{9261991F-4C9F-46C6-9702-5E0C7C9C66E5}.Debug|Any CPU.ActiveCfg = Debug|Any CPU
		{9261991F-4C9F-46C6-9702-5E0C7C9C66E5}.Debug|Any CPU.Build.0 = Debug|Any CPU
		{9261991F-4C9F-46C6-9702-5E0C7C9C66E5}.Debug|x64.ActiveCfg = Debug|Any CPU
		{9261991F-4C9F-46C6-9702-5E0C7C9C66E5}.Debug|x64.Build.0 = Debug|Any CPU
		{9261991F-4C9F-46C6-9702-5E0C7C9C66E5}.Debug|x86.ActiveCfg = Debug|Any CPU
		{9261991F-4C9F-46C6-9702-5E0C7C9C66E5}.Debug|x86.Build.0 = Debug|Any CPU
		{9261991F-4C9F-46C6-9702-5E0C7C9C66E5}.Publish|Any CPU.ActiveCfg = Debug|Any CPU
		{9261991F-4C9F-46C6-9702-5E0C7C9C66E5}.Publish|Any CPU.Build.0 = Debug|Any CPU
		{9261991F-4C9F-46C6-9702-5E0C7C9C66E5}.Publish|x64.ActiveCfg = Debug|Any CPU
		{9261991F-4C9F-46C6-9702-5E0C7C9C66E5}.Publish|x64.Build.0 = Debug|Any CPU
		{9261991F-4C9F-46C6-9702-5E0C7C9C66E5}.Publish|x86.ActiveCfg = Debug|Any CPU
		{9261991F-4C9F-46C6-9702-5E0C7C9C66E5}.Publish|x86.Build.0 = Debug|Any CPU
		{9261991F-4C9F-46C6-9702-5E0C7C9C66E5}.Release|Any CPU.ActiveCfg = Release|Any CPU
		{9261991F-4C9F-46C6-9702-5E0C7C9C66E5}.Release|Any CPU.Build.0 = Release|Any CPU
		{9261991F-4C9F-46C6-9702-5E0C7C9C66E5}.Release|x64.ActiveCfg = Release|Any CPU
		{9261991F-4C9F-46C6-9702-5E0C7C9C66E5}.Release|x64.Build.0 = Release|Any CPU
		{9261991F-4C9F-46C6-9702-5E0C7C9C66E5}.Release|x86.ActiveCfg = Release|Any CPU
		{9261991F-4C9F-46C6-9702-5E0C7C9C66E5}.Release|x86.Build.0 = Release|Any CPU
		{4471A7E2-A8D7-4C32-8345-69F6F6358D04}.Debug|Any CPU.ActiveCfg = Debug|Any CPU
		{4471A7E2-A8D7-4C32-8345-69F6F6358D04}.Debug|Any CPU.Build.0 = Debug|Any CPU
		{4471A7E2-A8D7-4C32-8345-69F6F6358D04}.Debug|x64.ActiveCfg = Debug|Any CPU
		{4471A7E2-A8D7-4C32-8345-69F6F6358D04}.Debug|x64.Build.0 = Debug|Any CPU
		{4471A7E2-A8D7-4C32-8345-69F6F6358D04}.Debug|x86.ActiveCfg = Debug|Any CPU
		{4471A7E2-A8D7-4C32-8345-69F6F6358D04}.Debug|x86.Build.0 = Debug|Any CPU
		{4471A7E2-A8D7-4C32-8345-69F6F6358D04}.Publish|Any CPU.ActiveCfg = Debug|Any CPU
		{4471A7E2-A8D7-4C32-8345-69F6F6358D04}.Publish|Any CPU.Build.0 = Debug|Any CPU
		{4471A7E2-A8D7-4C32-8345-69F6F6358D04}.Publish|x64.ActiveCfg = Debug|Any CPU
		{4471A7E2-A8D7-4C32-8345-69F6F6358D04}.Publish|x64.Build.0 = Debug|Any CPU
		{4471A7E2-A8D7-4C32-8345-69F6F6358D04}.Publish|x86.ActiveCfg = Debug|Any CPU
		{4471A7E2-A8D7-4C32-8345-69F6F6358D04}.Publish|x86.Build.0 = Debug|Any CPU
		{4471A7E2-A8D7-4C32-8345-69F6F6358D04}.Release|Any CPU.ActiveCfg = Release|Any CPU
		{4471A7E2-A8D7-4C32-8345-69F6F6358D04}.Release|Any CPU.Build.0 = Release|Any CPU
		{4471A7E2-A8D7-4C32-8345-69F6F6358D04}.Release|x64.ActiveCfg = Release|Any CPU
		{4471A7E2-A8D7-4C32-8345-69F6F6358D04}.Release|x64.Build.0 = Release|Any CPU
		{4471A7E2-A8D7-4C32-8345-69F6F6358D04}.Release|x86.ActiveCfg = Release|Any CPU
		{4471A7E2-A8D7-4C32-8345-69F6F6358D04}.Release|x86.Build.0 = Release|Any CPU
		{C0741540-010A-473E-BDB1-AD0B32CD8E1E}.Debug|Any CPU.ActiveCfg = Debug|Any CPU
		{C0741540-010A-473E-BDB1-AD0B32CD8E1E}.Debug|Any CPU.Build.0 = Debug|Any CPU
		{C0741540-010A-473E-BDB1-AD0B32CD8E1E}.Debug|x64.ActiveCfg = Debug|Any CPU
		{C0741540-010A-473E-BDB1-AD0B32CD8E1E}.Debug|x64.Build.0 = Debug|Any CPU
		{C0741540-010A-473E-BDB1-AD0B32CD8E1E}.Debug|x86.ActiveCfg = Debug|Any CPU
		{C0741540-010A-473E-BDB1-AD0B32CD8E1E}.Debug|x86.Build.0 = Debug|Any CPU
		{C0741540-010A-473E-BDB1-AD0B32CD8E1E}.Publish|Any CPU.ActiveCfg = Debug|Any CPU
		{C0741540-010A-473E-BDB1-AD0B32CD8E1E}.Publish|Any CPU.Build.0 = Debug|Any CPU
		{C0741540-010A-473E-BDB1-AD0B32CD8E1E}.Publish|x64.ActiveCfg = Debug|Any CPU
		{C0741540-010A-473E-BDB1-AD0B32CD8E1E}.Publish|x64.Build.0 = Debug|Any CPU
		{C0741540-010A-473E-BDB1-AD0B32CD8E1E}.Publish|x86.ActiveCfg = Debug|Any CPU
		{C0741540-010A-473E-BDB1-AD0B32CD8E1E}.Publish|x86.Build.0 = Debug|Any CPU
		{C0741540-010A-473E-BDB1-AD0B32CD8E1E}.Release|Any CPU.ActiveCfg = Release|Any CPU
		{C0741540-010A-473E-BDB1-AD0B32CD8E1E}.Release|Any CPU.Build.0 = Release|Any CPU
		{C0741540-010A-473E-BDB1-AD0B32CD8E1E}.Release|x64.ActiveCfg = Release|Any CPU
		{C0741540-010A-473E-BDB1-AD0B32CD8E1E}.Release|x64.Build.0 = Release|Any CPU
		{C0741540-010A-473E-BDB1-AD0B32CD8E1E}.Release|x86.ActiveCfg = Release|Any CPU
		{C0741540-010A-473E-BDB1-AD0B32CD8E1E}.Release|x86.Build.0 = Release|Any CPU
		{59EEC7A4-06D1-4198-905C-622C2D66230B}.Debug|Any CPU.ActiveCfg = Debug|Any CPU
		{59EEC7A4-06D1-4198-905C-622C2D66230B}.Debug|Any CPU.Build.0 = Debug|Any CPU
		{59EEC7A4-06D1-4198-905C-622C2D66230B}.Debug|x64.ActiveCfg = Debug|Any CPU
		{59EEC7A4-06D1-4198-905C-622C2D66230B}.Debug|x64.Build.0 = Debug|Any CPU
		{59EEC7A4-06D1-4198-905C-622C2D66230B}.Debug|x86.ActiveCfg = Debug|Any CPU
		{59EEC7A4-06D1-4198-905C-622C2D66230B}.Debug|x86.Build.0 = Debug|Any CPU
		{59EEC7A4-06D1-4198-905C-622C2D66230B}.Publish|Any CPU.ActiveCfg = Debug|Any CPU
		{59EEC7A4-06D1-4198-905C-622C2D66230B}.Publish|Any CPU.Build.0 = Debug|Any CPU
		{59EEC7A4-06D1-4198-905C-622C2D66230B}.Publish|x64.ActiveCfg = Debug|Any CPU
		{59EEC7A4-06D1-4198-905C-622C2D66230B}.Publish|x64.Build.0 = Debug|Any CPU
		{59EEC7A4-06D1-4198-905C-622C2D66230B}.Publish|x86.ActiveCfg = Debug|Any CPU
		{59EEC7A4-06D1-4198-905C-622C2D66230B}.Publish|x86.Build.0 = Debug|Any CPU
		{59EEC7A4-06D1-4198-905C-622C2D66230B}.Release|Any CPU.ActiveCfg = Release|Any CPU
		{59EEC7A4-06D1-4198-905C-622C2D66230B}.Release|Any CPU.Build.0 = Release|Any CPU
		{59EEC7A4-06D1-4198-905C-622C2D66230B}.Release|x64.ActiveCfg = Release|Any CPU
		{59EEC7A4-06D1-4198-905C-622C2D66230B}.Release|x64.Build.0 = Release|Any CPU
		{59EEC7A4-06D1-4198-905C-622C2D66230B}.Release|x86.ActiveCfg = Release|Any CPU
		{59EEC7A4-06D1-4198-905C-622C2D66230B}.Release|x86.Build.0 = Release|Any CPU
		{D5F5CBED-8F52-409D-9A06-E770B2A560A6}.Debug|Any CPU.ActiveCfg = Debug|Any CPU
		{D5F5CBED-8F52-409D-9A06-E770B2A560A6}.Debug|Any CPU.Build.0 = Debug|Any CPU
		{D5F5CBED-8F52-409D-9A06-E770B2A560A6}.Debug|x64.ActiveCfg = Debug|Any CPU
		{D5F5CBED-8F52-409D-9A06-E770B2A560A6}.Debug|x64.Build.0 = Debug|Any CPU
		{D5F5CBED-8F52-409D-9A06-E770B2A560A6}.Debug|x86.ActiveCfg = Debug|Any CPU
		{D5F5CBED-8F52-409D-9A06-E770B2A560A6}.Debug|x86.Build.0 = Debug|Any CPU
		{D5F5CBED-8F52-409D-9A06-E770B2A560A6}.Publish|Any CPU.ActiveCfg = Debug|Any CPU
		{D5F5CBED-8F52-409D-9A06-E770B2A560A6}.Publish|Any CPU.Build.0 = Debug|Any CPU
		{D5F5CBED-8F52-409D-9A06-E770B2A560A6}.Publish|x64.ActiveCfg = Debug|Any CPU
		{D5F5CBED-8F52-409D-9A06-E770B2A560A6}.Publish|x64.Build.0 = Debug|Any CPU
		{D5F5CBED-8F52-409D-9A06-E770B2A560A6}.Publish|x86.ActiveCfg = Debug|Any CPU
		{D5F5CBED-8F52-409D-9A06-E770B2A560A6}.Publish|x86.Build.0 = Debug|Any CPU
		{D5F5CBED-8F52-409D-9A06-E770B2A560A6}.Release|Any CPU.ActiveCfg = Release|Any CPU
		{D5F5CBED-8F52-409D-9A06-E770B2A560A6}.Release|Any CPU.Build.0 = Release|Any CPU
		{D5F5CBED-8F52-409D-9A06-E770B2A560A6}.Release|x64.ActiveCfg = Release|Any CPU
		{D5F5CBED-8F52-409D-9A06-E770B2A560A6}.Release|x64.Build.0 = Release|Any CPU
		{D5F5CBED-8F52-409D-9A06-E770B2A560A6}.Release|x86.ActiveCfg = Release|Any CPU
		{D5F5CBED-8F52-409D-9A06-E770B2A560A6}.Release|x86.Build.0 = Release|Any CPU
		{B1AA56BE-5455-499E-90E1-AE3E63C5A584}.Debug|Any CPU.ActiveCfg = Debug|Any CPU
		{B1AA56BE-5455-499E-90E1-AE3E63C5A584}.Debug|Any CPU.Build.0 = Debug|Any CPU
		{B1AA56BE-5455-499E-90E1-AE3E63C5A584}.Debug|x64.ActiveCfg = Debug|Any CPU
		{B1AA56BE-5455-499E-90E1-AE3E63C5A584}.Debug|x64.Build.0 = Debug|Any CPU
		{B1AA56BE-5455-499E-90E1-AE3E63C5A584}.Debug|x86.ActiveCfg = Debug|Any CPU
		{B1AA56BE-5455-499E-90E1-AE3E63C5A584}.Debug|x86.Build.0 = Debug|Any CPU
		{B1AA56BE-5455-499E-90E1-AE3E63C5A584}.Publish|Any CPU.ActiveCfg = Debug|Any CPU
		{B1AA56BE-5455-499E-90E1-AE3E63C5A584}.Publish|Any CPU.Build.0 = Debug|Any CPU
		{B1AA56BE-5455-499E-90E1-AE3E63C5A584}.Publish|x64.ActiveCfg = Debug|Any CPU
		{B1AA56BE-5455-499E-90E1-AE3E63C5A584}.Publish|x64.Build.0 = Debug|Any CPU
		{B1AA56BE-5455-499E-90E1-AE3E63C5A584}.Publish|x86.ActiveCfg = Debug|Any CPU
		{B1AA56BE-5455-499E-90E1-AE3E63C5A584}.Publish|x86.Build.0 = Debug|Any CPU
		{B1AA56BE-5455-499E-90E1-AE3E63C5A584}.Release|Any CPU.ActiveCfg = Release|Any CPU
		{B1AA56BE-5455-499E-90E1-AE3E63C5A584}.Release|Any CPU.Build.0 = Release|Any CPU
		{B1AA56BE-5455-499E-90E1-AE3E63C5A584}.Release|x64.ActiveCfg = Release|Any CPU
		{B1AA56BE-5455-499E-90E1-AE3E63C5A584}.Release|x64.Build.0 = Release|Any CPU
		{B1AA56BE-5455-499E-90E1-AE3E63C5A584}.Release|x86.ActiveCfg = Release|Any CPU
		{B1AA56BE-5455-499E-90E1-AE3E63C5A584}.Release|x86.Build.0 = Release|Any CPU
		{68D266BF-0197-4217-BAC9-6F981155FEAC}.Debug|Any CPU.ActiveCfg = Debug|Any CPU
		{68D266BF-0197-4217-BAC9-6F981155FEAC}.Debug|Any CPU.Build.0 = Debug|Any CPU
		{68D266BF-0197-4217-BAC9-6F981155FEAC}.Debug|x64.ActiveCfg = Debug|Any CPU
		{68D266BF-0197-4217-BAC9-6F981155FEAC}.Debug|x64.Build.0 = Debug|Any CPU
		{68D266BF-0197-4217-BAC9-6F981155FEAC}.Debug|x86.ActiveCfg = Debug|Any CPU
		{68D266BF-0197-4217-BAC9-6F981155FEAC}.Debug|x86.Build.0 = Debug|Any CPU
		{68D266BF-0197-4217-BAC9-6F981155FEAC}.Publish|Any CPU.ActiveCfg = Debug|Any CPU
		{68D266BF-0197-4217-BAC9-6F981155FEAC}.Publish|Any CPU.Build.0 = Debug|Any CPU
		{68D266BF-0197-4217-BAC9-6F981155FEAC}.Publish|x64.ActiveCfg = Debug|Any CPU
		{68D266BF-0197-4217-BAC9-6F981155FEAC}.Publish|x64.Build.0 = Debug|Any CPU
		{68D266BF-0197-4217-BAC9-6F981155FEAC}.Publish|x86.ActiveCfg = Debug|Any CPU
		{68D266BF-0197-4217-BAC9-6F981155FEAC}.Publish|x86.Build.0 = Debug|Any CPU
		{68D266BF-0197-4217-BAC9-6F981155FEAC}.Release|Any CPU.ActiveCfg = Release|Any CPU
		{68D266BF-0197-4217-BAC9-6F981155FEAC}.Release|Any CPU.Build.0 = Release|Any CPU
		{68D266BF-0197-4217-BAC9-6F981155FEAC}.Release|x64.ActiveCfg = Release|Any CPU
		{68D266BF-0197-4217-BAC9-6F981155FEAC}.Release|x64.Build.0 = Release|Any CPU
		{68D266BF-0197-4217-BAC9-6F981155FEAC}.Release|x86.ActiveCfg = Release|Any CPU
		{68D266BF-0197-4217-BAC9-6F981155FEAC}.Release|x86.Build.0 = Release|Any CPU
		{6CED7C0C-88B7-46A8-9412-4B28FA656D7B}.Debug|Any CPU.ActiveCfg = Debug|Any CPU
		{6CED7C0C-88B7-46A8-9412-4B28FA656D7B}.Debug|Any CPU.Build.0 = Debug|Any CPU
		{6CED7C0C-88B7-46A8-9412-4B28FA656D7B}.Debug|x64.ActiveCfg = Debug|Any CPU
		{6CED7C0C-88B7-46A8-9412-4B28FA656D7B}.Debug|x64.Build.0 = Debug|Any CPU
		{6CED7C0C-88B7-46A8-9412-4B28FA656D7B}.Debug|x86.ActiveCfg = Debug|Any CPU
		{6CED7C0C-88B7-46A8-9412-4B28FA656D7B}.Debug|x86.Build.0 = Debug|Any CPU
		{6CED7C0C-88B7-46A8-9412-4B28FA656D7B}.Publish|Any CPU.ActiveCfg = Debug|Any CPU
		{6CED7C0C-88B7-46A8-9412-4B28FA656D7B}.Publish|Any CPU.Build.0 = Debug|Any CPU
		{6CED7C0C-88B7-46A8-9412-4B28FA656D7B}.Publish|x64.ActiveCfg = Debug|Any CPU
		{6CED7C0C-88B7-46A8-9412-4B28FA656D7B}.Publish|x64.Build.0 = Debug|Any CPU
		{6CED7C0C-88B7-46A8-9412-4B28FA656D7B}.Publish|x86.ActiveCfg = Debug|Any CPU
		{6CED7C0C-88B7-46A8-9412-4B28FA656D7B}.Publish|x86.Build.0 = Debug|Any CPU
		{6CED7C0C-88B7-46A8-9412-4B28FA656D7B}.Release|Any CPU.ActiveCfg = Release|Any CPU
		{6CED7C0C-88B7-46A8-9412-4B28FA656D7B}.Release|Any CPU.Build.0 = Release|Any CPU
		{6CED7C0C-88B7-46A8-9412-4B28FA656D7B}.Release|x64.ActiveCfg = Release|Any CPU
		{6CED7C0C-88B7-46A8-9412-4B28FA656D7B}.Release|x64.Build.0 = Release|Any CPU
		{6CED7C0C-88B7-46A8-9412-4B28FA656D7B}.Release|x86.ActiveCfg = Release|Any CPU
		{6CED7C0C-88B7-46A8-9412-4B28FA656D7B}.Release|x86.Build.0 = Release|Any CPU
		{8678D3F0-81A1-401E-9CF8-3EA60DA848EE}.Debug|Any CPU.ActiveCfg = Debug|Any CPU
		{8678D3F0-81A1-401E-9CF8-3EA60DA848EE}.Debug|Any CPU.Build.0 = Debug|Any CPU
		{8678D3F0-81A1-401E-9CF8-3EA60DA848EE}.Debug|x64.ActiveCfg = Debug|Any CPU
		{8678D3F0-81A1-401E-9CF8-3EA60DA848EE}.Debug|x64.Build.0 = Debug|Any CPU
		{8678D3F0-81A1-401E-9CF8-3EA60DA848EE}.Debug|x86.ActiveCfg = Debug|Any CPU
		{8678D3F0-81A1-401E-9CF8-3EA60DA848EE}.Debug|x86.Build.0 = Debug|Any CPU
		{8678D3F0-81A1-401E-9CF8-3EA60DA848EE}.Publish|Any CPU.ActiveCfg = Debug|Any CPU
		{8678D3F0-81A1-401E-9CF8-3EA60DA848EE}.Publish|Any CPU.Build.0 = Debug|Any CPU
		{8678D3F0-81A1-401E-9CF8-3EA60DA848EE}.Publish|x64.ActiveCfg = Debug|Any CPU
		{8678D3F0-81A1-401E-9CF8-3EA60DA848EE}.Publish|x64.Build.0 = Debug|Any CPU
		{8678D3F0-81A1-401E-9CF8-3EA60DA848EE}.Publish|x86.ActiveCfg = Debug|Any CPU
		{8678D3F0-81A1-401E-9CF8-3EA60DA848EE}.Publish|x86.Build.0 = Debug|Any CPU
		{8678D3F0-81A1-401E-9CF8-3EA60DA848EE}.Release|Any CPU.ActiveCfg = Release|Any CPU
		{8678D3F0-81A1-401E-9CF8-3EA60DA848EE}.Release|Any CPU.Build.0 = Release|Any CPU
		{8678D3F0-81A1-401E-9CF8-3EA60DA848EE}.Release|x64.ActiveCfg = Release|Any CPU
		{8678D3F0-81A1-401E-9CF8-3EA60DA848EE}.Release|x64.Build.0 = Release|Any CPU
		{8678D3F0-81A1-401E-9CF8-3EA60DA848EE}.Release|x86.ActiveCfg = Release|Any CPU
		{8678D3F0-81A1-401E-9CF8-3EA60DA848EE}.Release|x86.Build.0 = Release|Any CPU
		{250E93D6-DFE9-45A8-BC01-46F005854B63}.Debug|Any CPU.ActiveCfg = Debug|Any CPU
		{250E93D6-DFE9-45A8-BC01-46F005854B63}.Debug|Any CPU.Build.0 = Debug|Any CPU
		{250E93D6-DFE9-45A8-BC01-46F005854B63}.Debug|x64.ActiveCfg = Debug|Any CPU
		{250E93D6-DFE9-45A8-BC01-46F005854B63}.Debug|x64.Build.0 = Debug|Any CPU
		{250E93D6-DFE9-45A8-BC01-46F005854B63}.Debug|x86.ActiveCfg = Debug|Any CPU
		{250E93D6-DFE9-45A8-BC01-46F005854B63}.Debug|x86.Build.0 = Debug|Any CPU
		{250E93D6-DFE9-45A8-BC01-46F005854B63}.Publish|Any CPU.ActiveCfg = Debug|Any CPU
		{250E93D6-DFE9-45A8-BC01-46F005854B63}.Publish|Any CPU.Build.0 = Debug|Any CPU
		{250E93D6-DFE9-45A8-BC01-46F005854B63}.Publish|x64.ActiveCfg = Debug|Any CPU
		{250E93D6-DFE9-45A8-BC01-46F005854B63}.Publish|x64.Build.0 = Debug|Any CPU
		{250E93D6-DFE9-45A8-BC01-46F005854B63}.Publish|x86.ActiveCfg = Debug|Any CPU
		{250E93D6-DFE9-45A8-BC01-46F005854B63}.Publish|x86.Build.0 = Debug|Any CPU
		{250E93D6-DFE9-45A8-BC01-46F005854B63}.Release|Any CPU.ActiveCfg = Release|Any CPU
		{250E93D6-DFE9-45A8-BC01-46F005854B63}.Release|Any CPU.Build.0 = Release|Any CPU
		{250E93D6-DFE9-45A8-BC01-46F005854B63}.Release|x64.ActiveCfg = Release|Any CPU
		{250E93D6-DFE9-45A8-BC01-46F005854B63}.Release|x64.Build.0 = Release|Any CPU
		{250E93D6-DFE9-45A8-BC01-46F005854B63}.Release|x86.ActiveCfg = Release|Any CPU
		{250E93D6-DFE9-45A8-BC01-46F005854B63}.Release|x86.Build.0 = Release|Any CPU
	EndGlobalSection
	GlobalSection(SolutionProperties) = preSolution
		HideSolutionNode = FALSE
	EndGlobalSection
	GlobalSection(NestedProjects) = preSolution
		{84E16B8D-44B7-42CB-B20D-44791A1DD920} = {F8849BAA-46DF-4711-A62A-5F58F7826382}
		{05678063-56F8-41B6-9FBC-1B4DDF5770EE} = {F8849BAA-46DF-4711-A62A-5F58F7826382}
		{9261991F-4C9F-46C6-9702-5E0C7C9C66E5} = {32E02A54-8C55-4DBA-9B65-3439055DDB31}
		{4471A7E2-A8D7-4C32-8345-69F6F6358D04} = {7C7F098D-BE0C-4150-BCCF-446F846B58B4}
		{C0741540-010A-473E-BDB1-AD0B32CD8E1E} = {7C7F098D-BE0C-4150-BCCF-446F846B58B4}
		{7C7F098D-BE0C-4150-BCCF-446F846B58B4} = {F49D5ABA-AC33-49DA-8A5A-48E0C6EC2E11}
		{B70B41AD-3FB9-4049-850C-730DC07BC6CB} = {F49D5ABA-AC33-49DA-8A5A-48E0C6EC2E11}
		{59EEC7A4-06D1-4198-905C-622C2D66230B} = {B70B41AD-3FB9-4049-850C-730DC07BC6CB}
		{D5F5CBED-8F52-409D-9A06-E770B2A560A6} = {B70B41AD-3FB9-4049-850C-730DC07BC6CB}
		{B1AA56BE-5455-499E-90E1-AE3E63C5A584} = {B70B41AD-3FB9-4049-850C-730DC07BC6CB}
		{68D266BF-0197-4217-BAC9-6F981155FEAC} = {711BB711-1F45-4A1A-95C3-3C979EAB866B}
		{6CED7C0C-88B7-46A8-9412-4B28FA656D7B} = {B70B41AD-3FB9-4049-850C-730DC07BC6CB}
		{075033C1-9996-4F8A-9BB0-4D9BBEF8B1D0} = {F49D5ABA-AC33-49DA-8A5A-48E0C6EC2E11}
		{250E93D6-DFE9-45A8-BC01-46F005854B63} = {075033C1-9996-4F8A-9BB0-4D9BBEF8B1D0}
	EndGlobalSection
	GlobalSection(ExtensibilityGlobals) = postSolution
		SolutionGuid = {CACA8604-A045-4812-B1E7-5ABC0AFC93E5}
	EndGlobalSection
EndGlobal
